
Microsoft Visual Studio Solution File, Format Version 12.00
# Visual Studio Version 17
VisualStudioVersion = 17.0.31903.59
MinimumVisualStudioVersion = 10.0.40219.1
Project("{2150E333-8FDC-42A3-9474-1A3956D46DE8}") = "server", "server", "{3C49280B-9F23-424D-8467-01B85CA37E15}"
EndProject
Project("{2150E333-8FDC-42A3-9474-1A3956D46DE8}") = "tests", "tests", "{90B2BBBB-4676-414B-8C67-104AE60BC012}"
EndProject
Project("{FAE04EC0-301F-11D3-BF4B-00C04F79EFBC}") = "game.Tests", "server\tests\game\game.Tests.csproj", "{414308DE-E55F-459A-ABC4-B6CF37AD07D5}"
EndProject
Project("{FAE04EC0-301F-11D3-BF4B-00C04F79EFBC}") = "Tests", "server\tests\Tests.csproj", "{E75A5C69-17E0-4850-8AB4-38465FA12E4B}"
EndProject
Project("{2150E333-8FDC-42A3-9474-1A3956D46DE8}") = "shared", "shared", "{8D161685-B01E-434A-8054-FFFC8611AD0A}"
EndProject
Project("{FAE04EC0-301F-11D3-BF4B-00C04F79EFBC}") = "DataAccess", "server\shared\DataAccess\DataAccess.csproj", "{1AB4BC34-ED78-4FA8-9867-5270A9325F23}"
EndProject
Project("{FAE04EC0-301F-11D3-BF4B-00C04F79EFBC}") = "Common", "server\shared\Common\Common.csproj", "{8229F56B-F131-4E69-AADB-1F4999B8686F}"
EndProject
Project("{2150E333-8FDC-42A3-9474-1A3956D46DE8}") = "apps", "apps", "{669ECF3E-59C8-4333-86E8-36A738E69DAC}"
EndProject
Project("{FAE04EC0-301F-11D3-BF4B-00C04F79EFBC}") = "migrations", "server\apps\migrations\migrations.csproj", "{B5CD5144-800A-4EBE-AE58-0E47C207BF2F}"
EndProject
Project("{FAE04EC0-301F-11D3-BF4B-00C04F79EFBC}") = "auth", "server\apps\auth\auth.csproj", "{13D9E188-B7DF-47D0-B08F-E7062A556382}"
EndProject
Project("{FAE04EC0-301F-11D3-BF4B-00C04F79EFBC}") = "game", "server\apps\game\game.csproj", "{64784656-6E26-4903-AB06-8E9A7E41B97F}"
EndProject
Project("{FAE04EC0-301F-11D3-BF4B-00C04F79EFBC}") = "api", "server\apps\api\api.csproj", "{F020A92B-913F-4A12-A267-690DFE5EC611}"
EndProject
Global
	GlobalSection(SolutionConfigurationPlatforms) = preSolution
		Debug|Any CPU = Debug|Any CPU
		Release|Any CPU = Release|Any CPU
	EndGlobalSection
	GlobalSection(SolutionProperties) = preSolution
		HideSolutionNode = FALSE
	EndGlobalSection
	GlobalSection(ProjectConfigurationPlatforms) = postSolution
		{414308DE-E55F-459A-ABC4-B6CF37AD07D5}.Debug|Any CPU.ActiveCfg = Debug|Any CPU
		{414308DE-E55F-459A-ABC4-B6CF37AD07D5}.Debug|Any CPU.Build.0 = Debug|Any CPU
		{414308DE-E55F-459A-ABC4-B6CF37AD07D5}.Release|Any CPU.ActiveCfg = Release|Any CPU
		{414308DE-E55F-459A-ABC4-B6CF37AD07D5}.Release|Any CPU.Build.0 = Release|Any CPU
		{E75A5C69-17E0-4850-8AB4-38465FA12E4B}.Debug|Any CPU.ActiveCfg = Debug|Any CPU
		{E75A5C69-17E0-4850-8AB4-38465FA12E4B}.Debug|Any CPU.Build.0 = Debug|Any CPU
		{E75A5C69-17E0-4850-8AB4-38465FA12E4B}.Release|Any CPU.ActiveCfg = Release|Any CPU
		{E75A5C69-17E0-4850-8AB4-38465FA12E4B}.Release|Any CPU.Build.0 = Release|Any CPU
		{1AB4BC34-ED78-4FA8-9867-5270A9325F23}.Debug|Any CPU.ActiveCfg = Debug|Any CPU
		{1AB4BC34-ED78-4FA8-9867-5270A9325F23}.Debug|Any CPU.Build.0 = Debug|Any CPU
		{1AB4BC34-ED78-4FA8-9867-5270A9325F23}.Release|Any CPU.ActiveCfg = Release|Any CPU
		{1AB4BC34-ED78-4FA8-9867-5270A9325F23}.Release|Any CPU.Build.0 = Release|Any CPU
		{8229F56B-F131-4E69-AADB-1F4999B8686F}.Debug|Any CPU.ActiveCfg = Debug|Any CPU
		{8229F56B-F131-4E69-AADB-1F4999B8686F}.Debug|Any CPU.Build.0 = Debug|Any CPU
		{8229F56B-F131-4E69-AADB-1F4999B8686F}.Release|Any CPU.ActiveCfg = Release|Any CPU
		{8229F56B-F131-4E69-AADB-1F4999B8686F}.Release|Any CPU.Build.0 = Release|Any CPU
		{B5CD5144-800A-4EBE-AE58-0E47C207BF2F}.Debug|Any CPU.ActiveCfg = Debug|Any CPU
		{B5CD5144-800A-4EBE-AE58-0E47C207BF2F}.Debug|Any CPU.Build.0 = Debug|Any CPU
		{B5CD5144-800A-4EBE-AE58-0E47C207BF2F}.Release|Any CPU.ActiveCfg = Release|Any CPU
		{B5CD5144-800A-4EBE-AE58-0E47C207BF2F}.Release|Any CPU.Build.0 = Release|Any CPU
		{13D9E188-B7DF-47D0-B08F-E7062A556382}.Debug|Any CPU.ActiveCfg = Debug|Any CPU
		{13D9E188-B7DF-47D0-B08F-E7062A556382}.Debug|Any CPU.Build.0 = Debug|Any CPU
		{13D9E188-B7DF-47D0-B08F-E7062A556382}.Release|Any CPU.ActiveCfg = Release|Any CPU
		{13D9E188-B7DF-47D0-B08F-E7062A556382}.Release|Any CPU.Build.0 = Release|Any CPU
		{64784656-6E26-4903-AB06-8E9A7E41B97F}.Debug|Any CPU.ActiveCfg = Debug|Any CPU
		{64784656-6E26-4903-AB06-8E9A7E41B97F}.Debug|Any CPU.Build.0 = Debug|Any CPU
		{64784656-6E26-4903-AB06-8E9A7E41B97F}.Release|Any CPU.ActiveCfg = Release|Any CPU
		{64784656-6E26-4903-AB06-8E9A7E41B97F}.Release|Any CPU.Build.0 = Release|Any CPU
		{F020A92B-913F-4A12-A267-690DFE5EC611}.Debug|Any CPU.ActiveCfg = Debug|Any CPU
		{F020A92B-913F-4A12-A267-690DFE5EC611}.Debug|Any CPU.Build.0 = Debug|Any CPU
		{F020A92B-913F-4A12-A267-690DFE5EC611}.Release|Any CPU.ActiveCfg = Release|Any CPU
		{F020A92B-913F-4A12-A267-690DFE5EC611}.Release|Any CPU.Build.0 = Release|Any CPU
	EndGlobalSection
	GlobalSection(NestedProjects) = preSolution
		{90B2BBBB-4676-414B-8C67-104AE60BC012} = {3C49280B-9F23-424D-8467-01B85CA37E15}
		{414308DE-E55F-459A-ABC4-B6CF37AD07D5} = {90B2BBBB-4676-414B-8C67-104AE60BC012}
		{E75A5C69-17E0-4850-8AB4-38465FA12E4B} = {3C49280B-9F23-424D-8467-01B85CA37E15}
		{8D161685-B01E-434A-8054-FFFC8611AD0A} = {3C49280B-9F23-424D-8467-01B85CA37E15}
		{1AB4BC34-ED78-4FA8-9867-5270A9325F23} = {8D161685-B01E-434A-8054-FFFC8611AD0A}
		{8229F56B-F131-4E69-AADB-1F4999B8686F} = {8D161685-B01E-434A-8054-FFFC8611AD0A}
		{669ECF3E-59C8-4333-86E8-36A738E69DAC} = {3C49280B-9F23-424D-8467-01B85CA37E15}
		{B5CD5144-800A-4EBE-AE58-0E47C207BF2F} = {669ECF3E-59C8-4333-86E8-36A738E69DAC}
		{13D9E188-B7DF-47D0-B08F-E7062A556382} = {669ECF3E-59C8-4333-86E8-36A738E69DAC}
		{64784656-6E26-4903-AB06-8E9A7E41B97F} = {669ECF3E-59C8-4333-86E8-36A738E69DAC}
		{F020A92B-913F-4A12-A267-690DFE5EC611} = {669ECF3E-59C8-4333-86E8-36A738E69DAC}
	EndGlobalSection
EndGlobal
